{
  "name": "legal-contracts-frontend-e2e",
  "version": "0.0.0",
  "lockfileVersion": 3,
  "requires": true,
  "packages": {
    "": {
      "name": "legal-contracts-frontend-e2e",
      "version": "0.0.0",
      "dependencies": {
        "legal-contracts-frontend": "file:..",
        "legalcontractsdemo": "file:../.."
      },
      "devDependencies": {
        "@playwright/test": "^1.44.0"
      }
    },
    "..": {
      "name": "legal-contracts-frontend",
      "version": "0.0.0",
      "dependencies": {
        "buffer": "^6.0.3",
        "date-fns": "^4.1.0",
        "eth-crypto": "^1.2.0",
        "ethers": "^6.15.0",
        "legal-contracts-frontend": "file:",
        "legalcontractsdemo": "file:..",
        "react": "^18.2.0",
        "react-dom": "^18.2.0"
      },
      "devDependencies": {
        "@eslint/js": "^9.33.0",
        "@testing-library/jest-dom": "^5.16.5",
        "@testing-library/react": "^13.4.0",
        "@testing-library/user-event": "^14.4.3",
        "@types/react": "^18.0.0",
        "@types/react-dom": "^18.0.0",
        "@vitejs/plugin-react": "^5.0.3",
        "eslint": "^9.33.0",
        "eslint-plugin-react-hooks": "^5.2.0",
        "eslint-plugin-react-refresh": "^0.4.20",
        "globals": "^16.3.0",
        "jsdom": "^22.1.0",
        "vite": "^7.1.2",
        "vitest": "^3.2.4"
      }
    },
    "../..": {
      "name": "legalcontractsdemo",
      "version": "1.0.0",
      "license": "ISC",
      "dependencies": {
        "@openzeppelin/contracts": "^5.4.0",
        "ajv": "^8.17.1",
        "ajv-formats": "^3.0.1",
        "axios": "^1.11.0",
        "body-parser": "^2.2.0",
        "cheerio": "^1.1.2",
        "cors": "^2.8.5",
        "dotenv": "^16.6.1",
        "eth-crypto": "^3.1.0",
        "express": "^5.1.0",
        "fs-extra": "^11.3.2",
        "node-fetch": "^3.3.2",
        "uuid": "^13.0.0"
      },
      "devDependencies": {
        "@nomicfoundation/hardhat-chai-matchers": "^2.1.0",
        "@nomicfoundation/hardhat-ethers": "^3.1.0",
        "@nomicfoundation/hardhat-ignition": "^0.15.13",
        "@nomicfoundation/hardhat-ignition-ethers": "^0.15.14",
        "@nomicfoundation/hardhat-network-helpers": "^1.1.0",
        "@nomicfoundation/hardhat-toolbox": "^6.1.0",
        "@nomicfoundation/hardhat-verify": "^2.1.1",
        "@typechain/ethers-v6": "^0.5.1",
        "@typechain/hardhat": "^9.1.0",
        "chai": "^4.5.0",
        "cross-env": "^7.0.3",
        "ethers": "^6.15.0",
        "hardhat": "^2.26.3",
        "hardhat-gas-reporter": "^2.3.0",
        "solidity-coverage": "^0.8.16",
        "typechain": "^8.3.2"
      }
    },
    "node_modules/@playwright/test": {
      "version": "1.55.0",
      "resolved": "https://registry.npmjs.org/@playwright/test/-/test-1.55.0.tgz",
      "integrity": "sha512-04IXzPwHrW69XusN/SIdDdKZBzMfOT9UNT/YiJit/xpy2VuAoB8NHc8Aplb96zsWDddLnbkPL3TsmrS04ZU2xQ==",
      "dev": true,
      "license": "Apache-2.0",
      "dependencies": {
        "playwright": "1.55.0"
      },
      "bin": {
        "playwright": "cli.js"
      },
      "engines": {
        "node": ">=18"
      }
    },
    "node_modules/fsevents": {
      "version": "2.3.2",
      "resolved": "https://registry.npmjs.org/fsevents/-/fsevents-2.3.2.tgz",
      "integrity": "sha512-xiqMQR4xAeHTuB9uWm+fFRcIOgKBMiOBP+eXiyT7jsgVCq1bkVygt00oASowB7EdtpOHaaPgKt812P9ab+DDKA==",
      "dev": true,
      "hasInstallScript": true,
      "license": "MIT",
      "optional": true,
      "os": [
        "darwin"
      ],
      "engines": {
        "node": "^8.16.0 || ^10.6.0 || >=11.0.0"
      }
    },
    "node_modules/legal-contracts-frontend": {
      "resolved": "..",
      "link": true
    },
    "node_modules/legalcontractsdemo": {
      "resolved": "../..",
      "link": true
    },
    "node_modules/playwright": {
      "version": "1.55.0",
      "resolved": "https://registry.npmjs.org/playwright/-/playwright-1.55.0.tgz",
      "integrity": "sha512-sdCWStblvV1YU909Xqx0DhOjPZE4/5lJsIS84IfN9dAZfcl/CIZ5O8l3o0j7hPMjDvqoTF8ZUcc+i/GL5erstA==",
      "dev": true,
      "license": "Apache-2.0",
      "dependencies": {
        "playwright-core": "1.55.0"
      },
      "bin": {
        "playwright": "cli.js"
      },
      "engines": {
        "node": ">=18"
      },
      "optionalDependencies": {
        "fsevents": "2.3.2"
      }
    },
    "node_modules/playwright-core": {
      "version": "1.55.0",
      "resolved": "https://registry.npmjs.org/playwright-core/-/playwright-core-1.55.0.tgz",
      "integrity": "sha512-GvZs4vU3U5ro2nZpeiwyb0zuFaqb9sUiAJuyrWpcGouD8y9/HLgGbNRjIph7zU9D3hnPaisMl9zG9CgFi/biIg==",
      "dev": true,
      "license": "Apache-2.0",
      "bin": {
        "playwright-core": "cli.js"
      },
      "engines": {
        "node": ">=18"
      }
    }
  }
}
